
Microsoft Visual Studio Solution File, Format Version 12.00
# Visual Studio Version 17
VisualStudioVersion = 17.7.34221.43
MinimumVisualStudioVersion = 10.0.40219.1
Project("{FAE04EC0-301F-11D3-BF4B-00C04F79EFBC}") = "Entities", "Entities\Entities.csproj", "{BDBA113E-4424-4C67-BC53-F2FAC08AD38B}"
EndProject
Project("{FAE04EC0-301F-11D3-BF4B-00C04F79EFBC}") = "DataAccess", "DataAccess\DataAccess.csproj", "{DAAA6590-46DB-4A13-82E3-736EAA31BB1F}"
EndProject
Project("{FAE04EC0-301F-11D3-BF4B-00C04F79EFBC}") = "Business", "Business\Business.csproj", "{F2F93FFD-5CEC-46B4-8DBD-43AA05F50500}"
EndProject
Project("{FAE04EC0-301F-11D3-BF4B-00C04F79EFBC}") = "Core", "Core\Core.csproj", "{A4368D2E-D06E-4E94-B190-02B264D10D78}"
EndProject
Project("{FAE04EC0-301F-11D3-BF4B-00C04F79EFBC}") = "WebAPİ", "WebAPİ\WebAPİ.csproj", "{6A726EB9-3DDB-4B58-8821-7337C5B1C34A}"
EndProject
Global
	GlobalSection(SolutionConfigurationPlatforms) = preSolution
		Debug|Any CPU = Debug|Any CPU
		Release|Any CPU = Release|Any CPU
	EndGlobalSection
	GlobalSection(ProjectConfigurationPlatforms) = postSolution
		{BDBA113E-4424-4C67-BC53-F2FAC08AD38B}.Debug|Any CPU.ActiveCfg = Debug|Any CPU
		{BDBA113E-4424-4C67-BC53-F2FAC08AD38B}.Debug|Any CPU.Build.0 = Debug|Any CPU
		{BDBA113E-4424-4C67-BC53-F2FAC08AD38B}.Release|Any CPU.ActiveCfg = Release|Any CPU
		{BDBA113E-4424-4C67-BC53-F2FAC08AD38B}.Release|Any CPU.Build.0 = Release|Any CPU
		{DAAA6590-46DB-4A13-82E3-736EAA31BB1F}.Debug|Any CPU.ActiveCfg = Debug|Any CPU
		{DAAA6590-46DB-4A13-82E3-736EAA31BB1F}.Debug|Any CPU.Build.0 = Debug|Any CPU
		{DAAA6590-46DB-4A13-82E3-736EAA31BB1F}.Release|Any CPU.ActiveCfg = Release|Any CPU
		{DAAA6590-46DB-4A13-82E3-736EAA31BB1F}.Release|Any CPU.Build.0 = Release|Any CPU
		{F2F93FFD-5CEC-46B4-8DBD-43AA05F50500}.Debug|Any CPU.ActiveCfg = Debug|Any CPU
		{F2F93FFD-5CEC-46B4-8DBD-43AA05F50500}.Debug|Any CPU.Build.0 = Debug|Any CPU
		{F2F93FFD-5CEC-46B4-8DBD-43AA05F50500}.Release|Any CPU.ActiveCfg = Release|Any CPU
		{F2F93FFD-5CEC-46B4-8DBD-43AA05F50500}.Release|Any CPU.Build.0 = Release|Any CPU
		{A4368D2E-D06E-4E94-B190-02B264D10D78}.Debug|Any CPU.ActiveCfg = Debug|Any CPU
		{A4368D2E-D06E-4E94-B190-02B264D10D78}.Debug|Any CPU.Build.0 = Debug|Any CPU
		{A4368D2E-D06E-4E94-B190-02B264D10D78}.Release|Any CPU.ActiveCfg = Release|Any CPU
		{A4368D2E-D06E-4E94-B190-02B264D10D78}.Release|Any CPU.Build.0 = Release|Any CPU
		{6A726EB9-3DDB-4B58-8821-7337C5B1C34A}.Debug|Any CPU.ActiveCfg = Debug|Any CPU
		{6A726EB9-3DDB-4B58-8821-7337C5B1C34A}.Debug|Any CPU.Build.0 = Debug|Any CPU
		{6A726EB9-3DDB-4B58-8821-7337C5B1C34A}.Release|Any CPU.ActiveCfg = Release|Any CPU
		{6A726EB9-3DDB-4B58-8821-7337C5B1C34A}.Release|Any CPU.Build.0 = Release|Any CPU
	EndGlobalSection
	GlobalSection(SolutionProperties) = preSolution
		HideSolutionNode = FALSE
	EndGlobalSection
	GlobalSection(ExtensibilityGlobals) = postSolution
		SolutionGuid = {6B2E2AF8-312C-464C-B8A7-47F0906C314F}
	EndGlobalSection
EndGlobal
